{
  "version": 4,
  "terraform_version": "0.13.2",
  "serial": 64,
  "lineage": "d4c2d01b-1cb9-6a59-daa6-4574c0ce51aa",
  "outputs": {},
  "resources": [
    {
      "mode": "managed",
      "type": "helm_release",
      "name": "consul",
      "provider": "provider[\"registry.terraform.io/hashicorp/helm\"]",
      "instances": []
    },
    {
      "mode": "managed",
      "type": "kubernetes_persistent_volume",
      "name": "consul-server-0",
      "provider": "provider[\"registry.terraform.io/hashicorp/kubernetes\"]",
      "instances": [
        {
          "schema_version": 0,
          "attributes": {
            "id": "consul-server-0",
            "metadata": [
              {
                "annotations": null,
                "generation": 0,
                "labels": {
                  "type": "local"
                },
                "name": "consul-server-0",
                "resource_version": "1234",
                "self_link": "/api/v1/persistentvolumes/consul-server-0",
                "uid": "575a0028-6184-484c-98a6-60c6459ca58e"
              }
            ],
            "spec": [
              {
                "access_modes": [
                  "ReadWriteOnce"
                ],
                "capacity": {
                  "storage": "100Gi"
                },
                "mount_options": null,
                "node_affinity": [
                  {
                    "required": [
                      {
                        "node_selector_term": [
                          {
                            "match_expressions": [
                              {
                                "key": "kubernetes.io/hostname",
                                "operator": "In",
                                "values": [
                                  "k8s-worker-1"
                                ]
                              }
                            ],
                            "match_fields": []
                          }
                        ]
                      }
                    ]
                  }
                ],
                "persistent_volume_reclaim_policy": "Delete",
                "persistent_volume_source": [
                  {
                    "aws_elastic_block_store": [],
                    "azure_disk": [],
                    "azure_file": [],
                    "ceph_fs": [],
                    "cinder": [],
                    "csi": [],
                    "fc": [],
                    "flex_volume": [],
                    "flocker": [],
                    "gce_persistent_disk": [],
                    "glusterfs": [],
                    "host_path": [
                      {
                        "path": "/mnt/data",
                        "type": ""
                      }
                    ],
                    "iscsi": [],
                    "local": [],
                    "nfs": [],
                    "photon_persistent_disk": [],
                    "quobyte": [],
                    "rbd": [],
                    "vsphere_volume": []
                  }
                ],
                "storage_class_name": "manual",
                "volume_mode": "Filesystem"
              }
            ],
            "timeouts": null
          },
          "private": "eyJlMmJmYjczMC1lY2FhLTExZTYtOGY4OC0zNDM2M2JjN2M0YzAiOnsiY3JlYXRlIjozMDAwMDAwMDAwMDB9fQ=="
        }
      ]
    },
    {
      "mode": "managed",
      "type": "kubernetes_persistent_volume",
      "name": "consul-server-1",
      "provider": "provider[\"registry.terraform.io/hashicorp/kubernetes\"]",
      "instances": [
        {
          "schema_version": 0,
          "attributes": {
            "id": "consul-server-1",
            "metadata": [
              {
                "annotations": null,
                "generation": 0,
                "labels": {
                  "type": "local"
                },
                "name": "consul-server-1",
                "resource_version": "1237",
                "self_link": "/api/v1/persistentvolumes/consul-server-1",
                "uid": "f4f53a8c-95cd-44aa-9287-d14ae6b9246b"
              }
            ],
            "spec": [
              {
                "access_modes": [
                  "ReadWriteOnce"
                ],
                "capacity": {
                  "storage": "100Gi"
                },
                "mount_options": null,
                "node_affinity": [
                  {
                    "required": [
                      {
                        "node_selector_term": [
                          {
                            "match_expressions": [
                              {
                                "key": "kubernetes.io/hostname",
                                "operator": "In",
                                "values": [
                                  "k8s-worker-2"
                                ]
                              }
                            ],
                            "match_fields": []
                          }
                        ]
                      }
                    ]
                  }
                ],
                "persistent_volume_reclaim_policy": "Delete",
                "persistent_volume_source": [
                  {
                    "aws_elastic_block_store": [],
                    "azure_disk": [],
                    "azure_file": [],
                    "ceph_fs": [],
                    "cinder": [],
                    "csi": [],
                    "fc": [],
                    "flex_volume": [],
                    "flocker": [],
                    "gce_persistent_disk": [],
                    "glusterfs": [],
                    "host_path": [
                      {
                        "path": "/mnt/data",
                        "type": ""
                      }
                    ],
                    "iscsi": [],
                    "local": [],
                    "nfs": [],
                    "photon_persistent_disk": [],
                    "quobyte": [],
                    "rbd": [],
                    "vsphere_volume": []
                  }
                ],
                "storage_class_name": "manual",
                "volume_mode": "Filesystem"
              }
            ],
            "timeouts": null
          },
          "private": "eyJlMmJmYjczMC1lY2FhLTExZTYtOGY4OC0zNDM2M2JjN2M0YzAiOnsiY3JlYXRlIjozMDAwMDAwMDAwMDB9fQ=="
        }
      ]
    },
    {
      "mode": "managed",
      "type": "kubernetes_persistent_volume",
      "name": "consul-server-2",
      "provider": "provider[\"registry.terraform.io/hashicorp/kubernetes\"]",
      "instances": [
        {
          "schema_version": 0,
          "attributes": {
            "id": "consul-server-2",
            "metadata": [
              {
                "annotations": null,
                "generation": 0,
                "labels": {
                  "type": "local"
                },
                "name": "consul-server-2",
                "resource_version": "1236",
                "self_link": "/api/v1/persistentvolumes/consul-server-2",
                "uid": "755dfa42-5349-4c08-9002-9a1c7dbb917f"
              }
            ],
            "spec": [
              {
                "access_modes": [
                  "ReadWriteOnce"
                ],
                "capacity": {
                  "storage": "100Gi"
                },
                "mount_options": null,
                "node_affinity": [
                  {
                    "required": [
                      {
                        "node_selector_term": [
                          {
                            "match_expressions": [
                              {
                                "key": "kubernetes.io/hostname",
                                "operator": "In",
                                "values": [
                                  "k8s-worker-3"
                                ]
                              }
                            ],
                            "match_fields": []
                          }
                        ]
                      }
                    ]
                  }
                ],
                "persistent_volume_reclaim_policy": "Delete",
                "persistent_volume_source": [
                  {
                    "aws_elastic_block_store": [],
                    "azure_disk": [],
                    "azure_file": [],
                    "ceph_fs": [],
                    "cinder": [],
                    "csi": [],
                    "fc": [],
                    "flex_volume": [],
                    "flocker": [],
                    "gce_persistent_disk": [],
                    "glusterfs": [],
                    "host_path": [
                      {
                        "path": "/mnt/data",
                        "type": ""
                      }
                    ],
                    "iscsi": [],
                    "local": [],
                    "nfs": [],
                    "photon_persistent_disk": [],
                    "quobyte": [],
                    "rbd": [],
                    "vsphere_volume": []
                  }
                ],
                "storage_class_name": "manual",
                "volume_mode": "Filesystem"
              }
            ],
            "timeouts": null
          },
          "private": "eyJlMmJmYjczMC1lY2FhLTExZTYtOGY4OC0zNDM2M2JjN2M0YzAiOnsiY3JlYXRlIjozMDAwMDAwMDAwMDB9fQ=="
        }
      ]
    },
    {
      "mode": "managed",
      "type": "kubernetes_persistent_volume_claim",
      "name": "consul-server-0",
      "provider": "provider[\"registry.terraform.io/hashicorp/kubernetes\"]",
      "instances": [
        {
          "schema_version": 0,
          "attributes": {
            "id": "default/data-default-consul-cluster-consul-server-0",
            "metadata": [
              {
                "annotations": null,
                "generate_name": "",
                "generation": 0,
                "labels": null,
                "name": "data-default-consul-cluster-consul-server-0",
                "namespace": "default",
                "resource_version": "1301",
                "self_link": "/api/v1/namespaces/default/persistentvolumeclaims/data-default-consul-cluster-consul-server-0",
                "uid": "ff00f689-45e9-40bd-9a58-088561f07954"
              }
            ],
            "spec": [
              {
                "access_modes": [
                  "ReadWriteOnce"
                ],
                "resources": [
                  {
                    "limits": null,
                    "requests": {
                      "storage": "10Gi"
                    }
                  }
                ],
                "selector": [],
                "storage_class_name": "manual",
                "volume_name": "consul-server-0"
              }
            ],
            "timeouts": {
              "create": null
            },
            "wait_until_bound": true
          },
          "private": "eyJlMmJmYjczMC1lY2FhLTExZTYtOGY4OC0zNDM2M2JjN2M0YzAiOnsiY3JlYXRlIjozMDAwMDAwMDAwMDB9fQ==",
          "dependencies": [
            "kubernetes_persistent_volume.consul-server-0"
          ]
        }
      ]
    },
    {
      "mode": "managed",
      "type": "kubernetes_persistent_volume_claim",
      "name": "consul-server-1",
      "provider": "provider[\"registry.terraform.io/hashicorp/kubernetes\"]",
      "instances": [
        {
          "schema_version": 0,
          "attributes": {
            "id": "default/data-default-consul-cluster-consul-server-1",
            "metadata": [
              {
                "annotations": null,
                "generate_name": "",
                "generation": 0,
                "labels": null,
                "name": "data-default-consul-cluster-consul-server-1",
                "namespace": "default",
                "resource_version": "1305",
                "self_link": "/api/v1/namespaces/default/persistentvolumeclaims/data-default-consul-cluster-consul-server-1",
                "uid": "6068bcb4-40e0-4d68-a0ac-d84538abcaa5"
              }
            ],
            "spec": [
              {
                "access_modes": [
                  "ReadWriteOnce"
                ],
                "resources": [
                  {
                    "limits": null,
                    "requests": {
                      "storage": "10Gi"
                    }
                  }
                ],
                "selector": [],
                "storage_class_name": "manual",
                "volume_name": "consul-server-1"
              }
            ],
            "timeouts": {
              "create": null
            },
            "wait_until_bound": true
          },
          "private": "eyJlMmJmYjczMC1lY2FhLTExZTYtOGY4OC0zNDM2M2JjN2M0YzAiOnsiY3JlYXRlIjozMDAwMDAwMDAwMDB9fQ==",
          "dependencies": [
            "kubernetes_persistent_volume.consul-server-1"
          ]
        }
      ]
    },
    {
      "mode": "managed",
      "type": "kubernetes_persistent_volume_claim",
      "name": "consul-server-2",
      "provider": "provider[\"registry.terraform.io/hashicorp/kubernetes\"]",
      "instances": [
        {
          "schema_version": 0,
          "attributes": {
            "id": "default/data-default-consul-cluster-consul-server-2",
            "metadata": [
              {
                "annotations": null,
                "generate_name": "",
                "generation": 0,
                "labels": null,
                "name": "data-default-consul-cluster-consul-server-2",
                "namespace": "default",
                "resource_version": "1303",
                "self_link": "/api/v1/namespaces/default/persistentvolumeclaims/data-default-consul-cluster-consul-server-2",
                "uid": "cec0a7f1-4fe3-438f-902e-794500c59957"
              }
            ],
            "spec": [
              {
                "access_modes": [
                  "ReadWriteOnce"
                ],
                "resources": [
                  {
                    "limits": null,
                    "requests": {
                      "storage": "10Gi"
                    }
                  }
                ],
                "selector": [],
                "storage_class_name": "manual",
                "volume_name": "consul-server-2"
              }
            ],
            "timeouts": {
              "create": null
            },
            "wait_until_bound": true
          },
          "private": "eyJlMmJmYjczMC1lY2FhLTExZTYtOGY4OC0zNDM2M2JjN2M0YzAiOnsiY3JlYXRlIjozMDAwMDAwMDAwMDB9fQ==",
          "dependencies": [
            "kubernetes_persistent_volume.consul-server-2"
          ]
        }
      ]
    }
  ]
}
